
Microsoft Visual Studio Solution File, Format Version 12.00
# Visual Studio 14
VisualStudioVersion = 14.0.25420.1
MinimumVisualStudioVersion = 10.0.40219.1
Project("{FAE04EC0-301F-11D3-BF4B-00C04F79EFBC}") = "Test", "Test\Test.csproj", "{5CF97EBF-CB5E-472F-BDEF-4DC85ACFC118}"
EndProject
Project("{FAE04EC0-301F-11D3-BF4B-00C04F79EFBC}") = "ConTest", "ConTest\ConTest.csproj", "{92AB97FB-1F4A-4F4D-9B0A-7C5B76650710}"
EndProject
Project("{2150E333-8FDC-42A3-9474-1A3956D46DE8}") = ".nuget", ".nuget", "{50AF6178-CEE2-443C-B6ED-2E45BB9F95B3}"
	ProjectSection(SolutionItems) = preProject
		.nuget\packages.config = .nuget\packages.config
	EndProjectSection
EndProject
Project("{FAE04EC0-301F-11D3-BF4B-00C04F79EFBC}") = "TestImg", "TestImg\TestImg.csproj", "{D63166BF-73CF-4CA8-A2F4-104054E55C40}"
EndProject
Global
	GlobalSection(SolutionConfigurationPlatforms) = preSolution
		Debug|Any CPU = Debug|Any CPU
		Release|Any CPU = Release|Any CPU
	EndGlobalSection
	GlobalSection(ProjectConfigurationPlatforms) = postSolution
		{5CF97EBF-CB5E-472F-BDEF-4DC85ACFC118}.Debug|Any CPU.ActiveCfg = Debug|Any CPU
		{5CF97EBF-CB5E-472F-BDEF-4DC85ACFC118}.Debug|Any CPU.Build.0 = Debug|Any CPU
		{5CF97EBF-CB5E-472F-BDEF-4DC85ACFC118}.Release|Any CPU.ActiveCfg = Release|Any CPU
		{5CF97EBF-CB5E-472F-BDEF-4DC85ACFC118}.Release|Any CPU.Build.0 = Release|Any CPU
		{92AB97FB-1F4A-4F4D-9B0A-7C5B76650710}.Debug|Any CPU.ActiveCfg = Debug|Any CPU
		{92AB97FB-1F4A-4F4D-9B0A-7C5B76650710}.Debug|Any CPU.Build.0 = Debug|Any CPU
		{92AB97FB-1F4A-4F4D-9B0A-7C5B76650710}.Release|Any CPU.ActiveCfg = Release|Any CPU
		{92AB97FB-1F4A-4F4D-9B0A-7C5B76650710}.Release|Any CPU.Build.0 = Release|Any CPU
		{D63166BF-73CF-4CA8-A2F4-104054E55C40}.Debug|Any CPU.ActiveCfg = Debug|Any CPU
		{D63166BF-73CF-4CA8-A2F4-104054E55C40}.Debug|Any CPU.Build.0 = Debug|Any CPU
		{D63166BF-73CF-4CA8-A2F4-104054E55C40}.Release|Any CPU.ActiveCfg = Release|Any CPU
		{D63166BF-73CF-4CA8-A2F4-104054E55C40}.Release|Any CPU.Build.0 = Release|Any CPU
	EndGlobalSection
	GlobalSection(SolutionProperties) = preSolution
		HideSolutionNode = FALSE
	EndGlobalSection
EndGlobal
